
Microsoft Visual Studio Solution File, Format Version 12.00
# Visual Studio Version 17
VisualStudioVersion = 17.3.32811.315
MinimumVisualStudioVersion = 10.0.40219.1
Project("{9A19103F-16F7-4668-BE54-9A1E7A4F7556}") = "ccode.app", "ccode.app\ccode.app.csproj", "{EBFA8512-1EA5-4D8C-B4AC-AB5B48A6D568}"
EndProject
Project("{9A19103F-16F7-4668-BE54-9A1E7A4F7556}") = "ccode.app.Desktop", "ccode.app.Desktop\ccode.app.Desktop.csproj", "{ABC31E74-02FF-46EB-B3B2-4E6AE43B456C}"
EndProject
Project("{9A19103F-16F7-4668-BE54-9A1E7A4F7556}") = "ccode.app.Browser", "ccode.app.Browser\ccode.app.Browser.csproj", "{1C1A049E-235C-4CD0-B6FA-D53AC418F4DA}"
EndProject
Project("{9A19103F-16F7-4668-BE54-9A1E7A4F7556}") = "ccode.app.iOS", "ccode.app.iOS\ccode.app.iOS.csproj", "{EBD9022F-BC83-4846-9A11-6F7F3772DC64}"
EndProject
Project("{9A19103F-16F7-4668-BE54-9A1E7A4F7556}") = "ccode.app.Android", "ccode.app.Android\ccode.app.Android.csproj", "{7AD1DAC8-7FBE-49D5-8614-7321233DB82E}"
EndProject
Project("{2150E333-8FDC-42A3-9474-1A3956D46DE8}") = "Solution Items", "Solution Items", "{3DA99C4E-89E3-4049-9C22-0A7EC60D83D8}"
	ProjectSection(SolutionItems) = preProject
		Directory.Build.props = Directory.Build.props
	EndProjectSection
EndProject
Project("{2150E333-8FDC-42A3-9474-1A3956D46DE8}") = "Devices", "Devices", "{FF27B03B-D37E-4840-84BC-0A4B584C1865}"
EndProject
Project("{FAE04EC0-301F-11D3-BF4B-00C04F79EFBC}") = "ccode.ui", "ccode.ui\ccode.ui.csproj", "{454BAAEC-0705-49DF-8538-E85C9CCB67AB}"
EndProject
Project("{FAE04EC0-301F-11D3-BF4B-00C04F79EFBC}") = "ccode.infrastructure", "ccode.infrastructure\ccode.infrastructure.csproj", "{81B88C5D-DBCB-4086-8F88-F19F7169BA89}"
EndProject
Project("{FAE04EC0-301F-11D3-BF4B-00C04F79EFBC}") = "ccode.core", "ccode.core\ccode.core.csproj", "{DEA0F9CE-7507-47F5-A06E-DBF83EF1C6BC}"
EndProject
Global
	GlobalSection(SolutionConfigurationPlatforms) = preSolution
		Debug|Any CPU = Debug|Any CPU
		Release|Any CPU = Release|Any CPU
	EndGlobalSection
	GlobalSection(ProjectConfigurationPlatforms) = postSolution
		{EBFA8512-1EA5-4D8C-B4AC-AB5B48A6D568}.Debug|Any CPU.ActiveCfg = Debug|Any CPU
		{EBFA8512-1EA5-4D8C-B4AC-AB5B48A6D568}.Debug|Any CPU.Build.0 = Debug|Any CPU
		{EBFA8512-1EA5-4D8C-B4AC-AB5B48A6D568}.Release|Any CPU.ActiveCfg = Release|Any CPU
		{EBFA8512-1EA5-4D8C-B4AC-AB5B48A6D568}.Release|Any CPU.Build.0 = Release|Any CPU
		{ABC31E74-02FF-46EB-B3B2-4E6AE43B456C}.Debug|Any CPU.ActiveCfg = Debug|Any CPU
		{ABC31E74-02FF-46EB-B3B2-4E6AE43B456C}.Debug|Any CPU.Build.0 = Debug|Any CPU
		{ABC31E74-02FF-46EB-B3B2-4E6AE43B456C}.Release|Any CPU.ActiveCfg = Release|Any CPU
		{ABC31E74-02FF-46EB-B3B2-4E6AE43B456C}.Release|Any CPU.Build.0 = Release|Any CPU
		{1C1A049E-235C-4CD0-B6FA-D53AC418F4DA}.Debug|Any CPU.ActiveCfg = Debug|Any CPU
		{1C1A049E-235C-4CD0-B6FA-D53AC418F4DA}.Debug|Any CPU.Build.0 = Debug|Any CPU
		{1C1A049E-235C-4CD0-B6FA-D53AC418F4DA}.Release|Any CPU.ActiveCfg = Release|Any CPU
		{1C1A049E-235C-4CD0-B6FA-D53AC418F4DA}.Release|Any CPU.Build.0 = Release|Any CPU
		{EBD9022F-BC83-4846-9A11-6F7F3772DC64}.Debug|Any CPU.ActiveCfg = Debug|Any CPU
		{EBD9022F-BC83-4846-9A11-6F7F3772DC64}.Debug|Any CPU.Build.0 = Debug|Any CPU
		{EBD9022F-BC83-4846-9A11-6F7F3772DC64}.Release|Any CPU.ActiveCfg = Release|Any CPU
		{EBD9022F-BC83-4846-9A11-6F7F3772DC64}.Release|Any CPU.Build.0 = Release|Any CPU
		{7AD1DAC8-7FBE-49D5-8614-7321233DB82E}.Debug|Any CPU.ActiveCfg = Debug|Any CPU
		{7AD1DAC8-7FBE-49D5-8614-7321233DB82E}.Debug|Any CPU.Build.0 = Debug|Any CPU
		{7AD1DAC8-7FBE-49D5-8614-7321233DB82E}.Release|Any CPU.ActiveCfg = Release|Any CPU
		{7AD1DAC8-7FBE-49D5-8614-7321233DB82E}.Release|Any CPU.Build.0 = Release|Any CPU
		{454BAAEC-0705-49DF-8538-E85C9CCB67AB}.Debug|Any CPU.ActiveCfg = Debug|Any CPU
		{454BAAEC-0705-49DF-8538-E85C9CCB67AB}.Debug|Any CPU.Build.0 = Debug|Any CPU
		{454BAAEC-0705-49DF-8538-E85C9CCB67AB}.Release|Any CPU.ActiveCfg = Release|Any CPU
		{454BAAEC-0705-49DF-8538-E85C9CCB67AB}.Release|Any CPU.Build.0 = Release|Any CPU
		{81B88C5D-DBCB-4086-8F88-F19F7169BA89}.Debug|Any CPU.ActiveCfg = Debug|Any CPU
		{81B88C5D-DBCB-4086-8F88-F19F7169BA89}.Debug|Any CPU.Build.0 = Debug|Any CPU
		{81B88C5D-DBCB-4086-8F88-F19F7169BA89}.Release|Any CPU.ActiveCfg = Release|Any CPU
		{81B88C5D-DBCB-4086-8F88-F19F7169BA89}.Release|Any CPU.Build.0 = Release|Any CPU
		{DEA0F9CE-7507-47F5-A06E-DBF83EF1C6BC}.Debug|Any CPU.ActiveCfg = Debug|Any CPU
		{DEA0F9CE-7507-47F5-A06E-DBF83EF1C6BC}.Debug|Any CPU.Build.0 = Debug|Any CPU
		{DEA0F9CE-7507-47F5-A06E-DBF83EF1C6BC}.Release|Any CPU.ActiveCfg = Release|Any CPU
		{DEA0F9CE-7507-47F5-A06E-DBF83EF1C6BC}.Release|Any CPU.Build.0 = Release|Any CPU
	EndGlobalSection
	GlobalSection(SolutionProperties) = preSolution
		HideSolutionNode = FALSE
	EndGlobalSection
	GlobalSection(ExtensibilityGlobals) = postSolution
		SolutionGuid = {83CB65B8-011F-4ED7-BCD3-A6CFA935EF7E}
	EndGlobalSection
	GlobalSection(NestedProjects) = preSolution
		{7AD1DAC8-7FBE-49D5-8614-7321233DB82E} = {FF27B03B-D37E-4840-84BC-0A4B584C1865}
		{1C1A049E-235C-4CD0-B6FA-D53AC418F4DA} = {FF27B03B-D37E-4840-84BC-0A4B584C1865}
		{ABC31E74-02FF-46EB-B3B2-4E6AE43B456C} = {FF27B03B-D37E-4840-84BC-0A4B584C1865}
		{EBD9022F-BC83-4846-9A11-6F7F3772DC64} = {FF27B03B-D37E-4840-84BC-0A4B584C1865}
	EndGlobalSection
EndGlobal
